
Microsoft Visual Studio Solution File, Format Version 12.00
Project("{FAE04EC0-301F-11D3-BF4B-00C04F79EFBC}") = "SolutionSecao6Revisao_66RefValor", "SolutionSecao6Revisao_66RefValor\SolutionSecao6Revisao_66RefValor.csproj", "{236E85EF-3FA9-4A74-A437-723E2923EF49}"
EndProject
Global
	GlobalSection(SolutionConfigurationPlatforms) = preSolution
		Debug|Any CPU = Debug|Any CPU
		Release|Any CPU = Release|Any CPU
	EndGlobalSection
	GlobalSection(ProjectConfigurationPlatforms) = postSolution
		{236E85EF-3FA9-4A74-A437-723E2923EF49}.Debug|Any CPU.ActiveCfg = Debug|Any CPU
		{236E85EF-3FA9-4A74-A437-723E2923EF49}.Debug|Any CPU.Build.0 = Debug|Any CPU
		{236E85EF-3FA9-4A74-A437-723E2923EF49}.Release|Any CPU.ActiveCfg = Release|Any CPU
		{236E85EF-3FA9-4A74-A437-723E2923EF49}.Release|Any CPU.Build.0 = Release|Any CPU
	EndGlobalSection
EndGlobal
