
Microsoft Visual Studio Solution File, Format Version 12.00
Project("{FAE04EC0-301F-11D3-BF4B-00C04F79EFBC}") = "Aula38SemOO", "Aula38SemOO\Aula38SemOO.csproj", "{080676B7-E566-4992-B5E8-9350D4F23322}"
EndProject
Project("{FAE04EC0-301F-11D3-BF4B-00C04F79EFBC}") = "Aula42SegundoProblema", "Aula42SegundoProblema\Aula42SegundoProblema.csproj", "{1514E3A2-123E-41F1-8405-62B60380A01E}"
EndProject
Global
	GlobalSection(SolutionConfigurationPlatforms) = preSolution
		Debug|Any CPU = Debug|Any CPU
		Release|Any CPU = Release|Any CPU
	EndGlobalSection
	GlobalSection(ProjectConfigurationPlatforms) = postSolution
		{080676B7-E566-4992-B5E8-9350D4F23322}.Debug|Any CPU.ActiveCfg = Debug|Any CPU
		{080676B7-E566-4992-B5E8-9350D4F23322}.Debug|Any CPU.Build.0 = Debug|Any CPU
		{080676B7-E566-4992-B5E8-9350D4F23322}.Release|Any CPU.ActiveCfg = Release|Any CPU
		{080676B7-E566-4992-B5E8-9350D4F23322}.Release|Any CPU.Build.0 = Release|Any CPU
		{1514E3A2-123E-41F1-8405-62B60380A01E}.Debug|Any CPU.ActiveCfg = Debug|Any CPU
		{1514E3A2-123E-41F1-8405-62B60380A01E}.Debug|Any CPU.Build.0 = Debug|Any CPU
		{1514E3A2-123E-41F1-8405-62B60380A01E}.Release|Any CPU.ActiveCfg = Release|Any CPU
		{1514E3A2-123E-41F1-8405-62B60380A01E}.Release|Any CPU.Build.0 = Release|Any CPU
	EndGlobalSection
EndGlobal
