
Microsoft Visual Studio Solution File, Format Version 12.00
# Visual Studio Version 17
VisualStudioVersion = 17.10.34928.147
MinimumVisualStudioVersion = 10.0.40219.1
Project("{FAE04EC0-301F-11D3-BF4B-00C04F79EFBC}") = "PrimeiroProjeto", "PrimeiroProjeto\PrimeiroProjeto.csproj", "{FC680EC7-B8DC-4B11-BADE-344E6E0B9174}"
EndProject
Global
	GlobalSection(SolutionConfigurationPlatforms) = preSolution
		Debug|Any CPU = Debug|Any CPU
		Release|Any CPU = Release|Any CPU
	EndGlobalSection
	GlobalSection(ProjectConfigurationPlatforms) = postSolution
		{FC680EC7-B8DC-4B11-BADE-344E6E0B9174}.Debug|Any CPU.ActiveCfg = Debug|Any CPU
		{FC680EC7-B8DC-4B11-BADE-344E6E0B9174}.Debug|Any CPU.Build.0 = Debug|Any CPU
		{FC680EC7-B8DC-4B11-BADE-344E6E0B9174}.Release|Any CPU.ActiveCfg = Release|Any CPU
		{FC680EC7-B8DC-4B11-BADE-344E6E0B9174}.Release|Any CPU.Build.0 = Release|Any CPU
	EndGlobalSection
	GlobalSection(SolutionProperties) = preSolution
		HideSolutionNode = FALSE
	EndGlobalSection
	GlobalSection(ExtensibilityGlobals) = postSolution
		SolutionGuid = {B9C333DD-EAB7-4CB2-B8E9-7757910D0D96}
	EndGlobalSection
EndGlobal
